dependencies:
- name: common
  repository: oci://registry-1.docker.io/bitnamicharts
  version: 2.31.4
- name: postgresql
  repository: oci://registry-1.docker.io/bitnamicharts
  version: 16.7.24
- name: mongodb
  repository: oci://registry-1.docker.io/bitnamicharts
  version: 16.5.44
digest: sha256:055c3b21d5cc90366f96766074c10372eefd79ee449044525436e4aaa1b40377
generated: "2025-08-21T02:37:16.654114396Z"
